
Microsoft Visual Studio Solution File, Format Version 12.00
# Visual Studio Version 17
VisualStudioVersion = 17.6.33815.320
MinimumVisualStudioVersion = 10.0.40219.1
Project("{FAE04EC0-301F-11D3-BF4B-00C04F79EFBC}") = "FileManager", "FileManager.csproj", "{159C79C4-9361-4E9B-B7AA-47920B8F1326}"
EndProject
Global
	GlobalSection(SolutionConfigurationPlatforms) = preSolution
		Debug|Any CPU = Debug|Any CPU
		Release|Any CPU = Release|Any CPU
	EndGlobalSection
	GlobalSection(ProjectConfigurationPlatforms) = postSolution
		{159C79C4-9361-4E9B-B7AA-47920B8F1326}.Debug|Any CPU.ActiveCfg = Debug|Any CPU
		{159C79C4-9361-4E9B-B7AA-47920B8F1326}.Debug|Any CPU.Build.0 = Debug|Any CPU
		{159C79C4-9361-4E9B-B7AA-47920B8F1326}.Release|Any CPU.ActiveCfg = Release|Any CPU
		{159C79C4-9361-4E9B-B7AA-47920B8F1326}.Release|Any CPU.Build.0 = Release|Any CPU
	EndGlobalSection
	GlobalSection(SolutionProperties) = preSolution
		HideSolutionNode = FALSE
	EndGlobalSection
	GlobalSection(ExtensibilityGlobals) = postSolution
		SolutionGuid = {989EB75D-9C06-4583-AFAC-72DA29D77E61}
	EndGlobalSection
EndGlobal
